{
  "name": "sample",
  "lockfileVersion": 3,
  "requires": true,
  "packages": {
    "": {
      "dependencies": {
        "fs": "^0.0.1-security",
        "mastercard-client-encryption": "^1.10.3"
      }
    },
    "node_modules/fs": {
      "version": "0.0.1-security",
      "resolved": "https://registry.npmjs.org/fs/-/fs-0.0.1-security.tgz",
      "integrity": "sha512-3XY9e1pP0CVEUCdj5BmfIZxRBTSDycnbqhIOGec9QYtmVH2fbLpj86CFWkrNOkt/Fvty4KZG5lTglL9j/gJ87w=="
    },
    "node_modules/mastercard-client-encryption": {
      "version": "1.10.3",
      "resolved": "https://registry.npmjs.org/mastercard-client-encryption/-/mastercard-client-encryption-1.10.3.tgz",
      "integrity": "sha512-PiVxNCWx9lMxbw+rO+v20E2+6+Gf2M9lC26ORxZumVSeO0F551eeMKqwVDXIudE8BEjhaHfilivVM7J7npeKjw==",
      "dependencies": {
        "node-forge": "^1.3.0"
      },
      "engines": {
        "node": ">=6.12.3"
      }
    },
    "node_modules/node-forge": {
      "version": "1.3.1",
      "resolved": "https://registry.npmjs.org/node-forge/-/node-forge-1.3.1.tgz",
      "integrity": "sha512-dPEtOeMvF9VMcYV/1Wb8CPoVAXtp6MKMlcbAt4ddqmGqUJ6fQZFXkNZNkNlfevtNkGtaSoXf/vNNNSvgrdXwtA==",
      "engines": {
        "node": ">= 6.13.0"
      }
    }
  }
}
